// !$*UTF8*$!
{
	archiveVersion = 1;
	classes = {
	};
	objectVersion = 56;
	objects = {

/* Begin PBXBuildFile section */
		71258F7C2BA999AE00350182 /* AppData.swift in Sources */ = {isa = PBXBuildFile; fileRef = 71258F7B2BA999AE00350182 /* AppData.swift */; };
		71258F7E2BA999F400350182 /* AppModel.swift in Sources */ = {isa = PBXBuildFile; fileRef = 71258F7D2BA999F400350182 /* AppModel.swift */; };
		71258F812BA99A3400350182 /* AppListView.swift in Sources */ = {isa = PBXBuildFile; fileRef = 71258F802BA99A3400350182 /* AppListView.swift */; };
		71258F832BA99BB900350182 /* AppRowView.swift in Sources */ = {isa = PBXBuildFile; fileRef = 71258F822BA99BB900350182 /* AppRowView.swift */; };
		71258F882BA99D0000350182 /* EduAppsView.swift in Sources */ = {isa = PBXBuildFile; fileRef = 71258F872BA99D0000350182 /* EduAppsView.swift */; };
		71258F8A2BA9C98500350182 /* App.swift in Sources */ = {isa = PBXBuildFile; fileRef = 71258F892BA9C98500350182 /* App.swift */; };
		7163D8002BAAC810001F30F5 /* AppsDetailView.swift in Sources */ = {isa = PBXBuildFile; fileRef = 7163D7FF2BAAC810001F30F5 /* AppsDetailView.swift */; };
		719B6F5F2BAC5C4300B58271 /* LaunchScreen.swift in Sources */ = {isa = PBXBuildFile; fileRef = 719B6F5E2BAC5C4300B58271 /* LaunchScreen.swift */; };
		719B6F622BAC6AD500B58271 /* ProgressBar.swift in Sources */ = {isa = PBXBuildFile; fileRef = 719B6F612BAC6AD500B58271 /* ProgressBar.swift */; };
		71C1E3622BA986B90019D034 /* EducationAppsListProjectApp.swift in Sources */ = {isa = PBXBuildFile; fileRef = 71C1E3612BA986B90019D034 /* EducationAppsListProjectApp.swift */; };
		71C1E3642BA986B90019D034 /* ContentView.swift in Sources */ = {isa = PBXBuildFile; fileRef = 71C1E3632BA986B90019D034 /* ContentView.swift */; };
		71C1E3662BA986BD0019D034 /* Assets.xcassets in Resources */ = {isa = PBXBuildFile; fileRef = 71C1E3652BA986BD0019D034 /* Assets.xcassets */; };
		71C1E3692BA986BD0019D034 /* Preview Assets.xcassets in Resources */ = {isa = PBXBuildFile; fileRef = 71C1E3682BA986BD0019D034 /* Preview Assets.xcassets */; };
/* End PBXBuildFile section */

/* Begin PBXFileReference section */
		71258F7B2BA999AE00350182 /* AppData.swift */ = {isa = PBXFileReference; lastKnownFileType = sourcecode.swift; path = AppData.swift; sourceTree = "<group>"; };
		71258F7D2BA999F400350182 /* AppModel.swift */ = {isa = PBXFileReference; lastKnownFileType = sourcecode.swift; path = AppModel.swift; sourceTree = "<group>"; };
		71258F802BA99A3400350182 /* AppListView.swift */ = {isa = PBXFileReference; lastKnownFileType = sourcecode.swift; path = AppListView.swift; sourceTree = "<group>"; };
		71258F822BA99BB900350182 /* AppRowView.swift */ = {isa = PBXFileReference; lastKnownFileType = sourcecode.swift; path = AppRowView.swift; sourceTree = "<group>"; };
		71258F872BA99D0000350182 /* EduAppsView.swift */ = {isa = PBXFileReference; lastKnownFileType = sourcecode.swift; path = EduAppsView.swift; sourceTree = "<group>"; };
		71258F892BA9C98500350182 /* App.swift */ = {isa = PBXFileReference; lastKnownFileType = sourcecode.swift; path = App.swift; sourceTree = "<group>"; };
		7163D7FF2BAAC810001F30F5 /* AppsDetailView.swift */ = {isa = PBXFileReference; lastKnownFileType = sourcecode.swift; path = AppsDetailView.swift; sourceTree = "<group>"; };
		719B6F5E2BAC5C4300B58271 /* LaunchScreen.swift */ = {isa = PBXFileReference; lastKnownFileType = sourcecode.swift; path = LaunchScreen.swift; sourceTree = "<group>"; };
		719B6F612BAC6AD500B58271 /* ProgressBar.swift */ = {isa = PBXFileReference; lastKnownFileType = sourcecode.swift; path = ProgressBar.swift; sourceTree = "<group>"; };
		71C1E35E2BA986B90019D034 /* EducationAppsListProject.app */ = {isa = PBXFileReference; explicitFileType = wrapper.application; includeInIndex = 0; path = EducationAppsListProject.app; sourceTree = BUILT_PRODUCTS_DIR; };
		71C1E3612BA986B90019D034 /* EducationAppsListProjectApp.swift */ = {isa = PBXFileReference; lastKnownFileType = sourcecode.swift; path = EducationAppsListProjectApp.swift; sourceTree = "<group>"; };
		71C1E3632BA986B90019D034 /* ContentView.swift */ = {isa = PBXFileReference; lastKnownFileType = sourcecode.swift; path = ContentView.swift; sourceTree = "<group>"; };
		71C1E3652BA986BD0019D034 /* Assets.xcassets */ = {isa = PBXFileReference; lastKnownFileType = folder.assetcatalog; path = Assets.xcassets; sourceTree = "<group>"; };
		71C1E3682BA986BD0019D034 /* Preview Assets.xcassets */ = {isa = PBXFileReference; lastKnownFileType = folder.assetcatalog; path = "Preview Assets.xcassets"; sourceTree = "<group>"; };
/* End PBXFileReference section */

/* Begin PBXFrameworksBuildPhase section */
		71C1E35B2BA986B90019D034 /* Frameworks */ = {
			isa = PBXFrameworksBuildPhase;
			buildActionMask = 2147483647;
			files = (
			);
			runOnlyForDeploymentPostprocessing = 0;
		};
/* End PBXFrameworksBuildPhase section */

/* Begin PBXGroup section */
		71258F7A2BA9999400350182 /* Model */ = {
			isa = PBXGroup;
			children = (
				71258F892BA9C98500350182 /* App.swift */,
				71258F7B2BA999AE00350182 /* AppData.swift */,
				71258F7D2BA999F400350182 /* AppModel.swift */,
				71258F862BA99CEB00350182 /* Screens */,
			);
			path = Model;
			sourceTree = "<group>";
		};
		71258F7F2BA99A1B00350182 /* Views */ = {
			isa = PBXGroup;
			children = (
				71258F802BA99A3400350182 /* AppListView.swift */,
				71258F822BA99BB900350182 /* AppRowView.swift */,
				7163D7FF2BAAC810001F30F5 /* AppsDetailView.swift */,
			);
			path = Views;
			sourceTree = "<group>";
		};
		71258F862BA99CEB00350182 /* Screens */ = {
			isa = PBXGroup;
			children = (
				71258F872BA99D0000350182 /* EduAppsView.swift */,
			);
			path = Screens;
			sourceTree = "<group>";
		};
		719B6F5D2BAC5C3000B58271 /* Screens */ = {
			isa = PBXGroup;
			children = (
				719B6F5E2BAC5C4300B58271 /* LaunchScreen.swift */,
			);
			path = Screens;
			sourceTree = "<group>";
		};
		719B6F602BAC6ABF00B58271 /* Rating */ = {
			isa = PBXGroup;
			children = (
				719B6F612BAC6AD500B58271 /* ProgressBar.swift */,
			);
			path = Rating;
			sourceTree = "<group>";
		};
		71C1E3552BA986B90019D034 = {
			isa = PBXGroup;
			children = (
				71C1E3602BA986B90019D034 /* EducationAppsListProject */,
				71C1E35F2BA986B90019D034 /* Products */,
			);
			sourceTree = "<group>";
		};
		71C1E35F2BA986B90019D034 /* Products */ = {
			isa = PBXGroup;
			children = (
				71C1E35E2BA986B90019D034 /* EducationAppsListProject.app */,
			);
			name = Products;
			sourceTree = "<group>";
		};
		71C1E3602BA986B90019D034 /* EducationAppsListProject */ = {
			isa = PBXGroup;
			children = (
				719B6F602BAC6ABF00B58271 /* Rating */,
				719B6F5D2BAC5C3000B58271 /* Screens */,
				71258F7F2BA99A1B00350182 /* Views */,
				71258F7A2BA9999400350182 /* Model */,
				71C1E3612BA986B90019D034 /* EducationAppsListProjectApp.swift */,
				71C1E3632BA986B90019D034 /* ContentView.swift */,
				71C1E3652BA986BD0019D034 /* Assets.xcassets */,
				71C1E3672BA986BD0019D034 /* Preview Content */,
			);
			path = EducationAppsListProject;
			sourceTree = "<group>";
		};
		71C1E3672BA986BD0019D034 /* Preview Content */ = {
			isa = PBXGroup;
			children = (
				71C1E3682BA986BD0019D034 /* Preview Assets.xcassets */,
			);
			path = "Preview Content";
			sourceTree = "<group>";
		};
/* End PBXGroup section */

/* Begin PBXNativeTarget section */
		71C1E35D2BA986B90019D034 /* EducationAppsListProject */ = {
			isa = PBXNativeTarget;
			buildConfigurationList = 71C1E36C2BA986BD0019D034 /* Build configuration list for PBXNativeTarget "EducationAppsListProject" */;
			buildPhases = (
				71C1E35A2BA986B90019D034 /* Sources */,
				71C1E35B2BA986B90019D034 /* Frameworks */,
				71C1E35C2BA986B90019D034 /* Resources */,
			);
			buildRules = (
			);
			dependencies = (
			);
			name = EducationAppsListProject;
			productName = EducationAppsListProject;
			productReference = 71C1E35E2BA986B90019D034 /* EducationAppsListProject.app */;
			productType = "com.apple.product-type.application";
		};
/* End PBXNativeTarget section */

/* Begin PBXProject section */
		71C1E3562BA986B90019D034 /* Project object */ = {
			isa = PBXProject;
			attributes = {
				BuildIndependentTargetsInParallel = 1;
				LastSwiftUpdateCheck = 1530;
				LastUpgradeCheck = 1530;
				TargetAttributes = {
					71C1E35D2BA986B90019D034 = {
						CreatedOnToolsVersion = 15.3;
					};
				};
			};
			buildConfigurationList = 71C1E3592BA986B90019D034 /* Build configuration list for PBXProject "EducationAppsListProject" */;
			compatibilityVersion = "Xcode 14.0";
			developmentRegion = en;
			hasScannedForEncodings = 0;
			knownRegions = (
				en,
				Base,
			);
			mainGroup = 71C1E3552BA986B90019D034;
			productRefGroup = 71C1E35F2BA986B90019D034 /* Products */;
			projectDirPath = "";
			projectRoot = "";
			targets = (
				71C1E35D2BA986B90019D034 /* EducationAppsListProject */,
			);
		};
/* End PBXProject section */

/* Begin PBXResourcesBuildPhase section */
		71C1E35C2BA986B90019D034 /* Resources */ = {
			isa = PBXResourcesBuildPhase;
			buildActionMask = 2147483647;
			files = (
				71C1E3692BA986BD0019D034 /* Preview Assets.xcassets in Resources */,
				71C1E3662BA986BD0019D034 /* Assets.xcassets in Resources */,
			);
			runOnlyForDeploymentPostprocessing = 0;
		};
/* End PBXResourcesBuildPhase section */

/* Begin PBXSourcesBuildPhase section */
		71C1E35A2BA986B90019D034 /* Sources */ = {
			isa = PBXSourcesBuildPhase;
			buildActionMask = 2147483647;
			files = (
				71258F8A2BA9C98500350182 /* App.swift in Sources */,
				719B6F622BAC6AD500B58271 /* ProgressBar.swift in Sources */,
				71C1E3642BA986B90019D034 /* ContentView.swift in Sources */,
				719B6F5F2BAC5C4300B58271 /* LaunchScreen.swift in Sources */,
				7163D8002BAAC810001F30F5 /* AppsDetailView.swift in Sources */,
				71258F882BA99D0000350182 /* EduAppsView.swift in Sources */,
				71C1E3622BA986B90019D034 /* EducationAppsListProjectApp.swift in Sources */,
				71258F7C2BA999AE00350182 /* AppData.swift in Sources */,
				71258F7E2BA999F400350182 /* AppModel.swift in Sources */,
				71258F812BA99A3400350182 /* AppListView.swift in Sources */,
				71258F832BA99BB900350182 /* AppRowView.swift in Sources */,
			);
			runOnlyForDeploymentPostprocessing = 0;
		};
/* End PBXSourcesBuildPhase section */

/* Begin XCBuildConfiguration section */
		71C1E36A2BA986BD0019D034 /* Debug */ = {
			isa = XCBuildConfiguration;
			buildSettings = {
				ALWAYS_SEARCH_USER_PATHS = NO;
				ASSETCATALOG_COMPILER_GENERATE_SWIFT_ASSET_SYMBOL_EXTENSIONS = YES;
				CLANG_ANALYZER_NONNULL = YES;
				CLANG_ANALYZER_NUMBER_OBJECT_CONVERSION = YES_AGGRESSIVE;
				CLANG_CXX_LANGUAGE_STANDARD = "gnu++20";
				CLANG_ENABLE_MODULES = YES;
				CLANG_ENABLE_OBJC_ARC = YES;
				CLANG_ENABLE_OBJC_WEAK = YES;
				CLANG_WARN_BLOCK_CAPTURE_AUTORELEASING = YES;
				CLANG_WARN_BOOL_CONVERSION = YES;
				CLANG_WARN_COMMA = YES;
				CLANG_WARN_CONSTANT_CONVERSION = YES;
				CLANG_WARN_DEPRECATED_OBJC_IMPLEMENTATIONS = YES;
				CLANG_WARN_DIRECT_OBJC_ISA_USAGE = YES_ERROR;
				CLANG_WARN_DOCUMENTATION_COMMENTS = YES;
				CLANG_WARN_EMPTY_BODY = YES;
				CLANG_WARN_ENUM_CONVERSION = YES;
				CLANG_WARN_INFINITE_RECURSION = YES;
				CLANG_WARN_INT_CONVERSION = YES;
				CLANG_WARN_NON_LITERAL_NULL_CONVERSION = YES;
				CLANG_WARN_OBJC_IMPLICIT_RETAIN_SELF = YES;
				CLANG_WARN_OBJC_LITERAL_CONVERSION = YES;
				CLANG_WARN_OBJC_ROOT_CLASS = YES_ERROR;
				CLANG_WARN_QUOTED_INCLUDE_IN_FRAMEWORK_HEADER = YES;
				CLANG_WARN_RANGE_LOOP_ANALYSIS = YES;
				CLANG_WARN_STRICT_PROTOTYPES = YES;
				CLANG_WARN_SUSPICIOUS_MOVE = YES;
				CLANG_WARN_UNGUARDED_AVAILABILITY = YES_AGGRESSIVE;
				CLANG_WARN_UNREACHABLE_CODE = YES;
				CLANG_WARN__DUPLICATE_METHOD_MATCH = YES;
				COPY_PHASE_STRIP = NO;
				DEBUG_INFORMATION_FORMAT = dwarf;
				ENABLE_STRICT_OBJC_MSGSEND = YES;
				ENABLE_TESTABILITY = YES;
				ENABLE_USER_SCRIPT_SANDBOXING = YES;
				GCC_C_LANGUAGE_STANDARD = gnu17;
				GCC_DYNAMIC_NO_PIC = NO;
				GCC_NO_COMMON_BLOCKS = YES;
				GCC_OPTIMIZATION_LEVEL = 0;
				GCC_PREPROCESSOR_DEFINITIONS = (
					"DEBUG=1",
					"$(inherited)",
				);
				GCC_WARN_64_TO_32_BIT_CONVERSION = YES;
				GCC_WARN_ABOUT_RETURN_TYPE = YES_ERROR;
				GCC_WARN_UNDECLARED_SELECTOR = YES;
				GCC_WARN_UNINITIALIZED_AUTOS = YES_AGGRESSIVE;
				GCC_WARN_UNUSED_FUNCTION = YES;
				GCC_WARN_UNUSED_VARIABLE = YES;
				IPHONEOS_DEPLOYMENT_TARGET = 17.4;
				LOCALIZATION_PREFERS_STRING_CATALOGS = YES;
				MTL_ENABLE_DEBUG_INFO = INCLUDE_SOURCE;
				MTL_FAST_MATH = YES;
				ONLY_ACTIVE_ARCH = YES;
				SDKROOT = iphoneos;
				SWIFT_ACTIVE_COMPILATION_CONDITIONS = "DEBUG $(inherited)";
				SWIFT_OPTIMIZATION_LEVEL = "-Onone";
			};
			name = Debug;
		};
		71C1E36B2BA986BD0019D034 /* Release */ = {
			isa = XCBuildConfiguration;
			buildSettings = {
				ALWAYS_SEARCH_USER_PATHS = NO;
				ASSETCATALOG_COMPILER_GENERATE_SWIFT_ASSET_SYMBOL_EXTENSIONS = YES;
				CLANG_ANALYZER_NONNULL = YES;
				CLANG_ANALYZER_NUMBER_OBJECT_CONVERSION = YES_AGGRESSIVE;
				CLANG_CXX_LANGUAGE_STANDARD = "gnu++20";
				CLANG_ENABLE_MODULES = YES;
				CLANG_ENABLE_OBJC_ARC = YES;
				CLANG_ENABLE_OBJC_WEAK = YES;
				CLANG_WARN_BLOCK_CAPTURE_AUTORELEASING = YES;
				CLANG_WARN_BOOL_CONVERSION = YES;
				CLANG_WARN_COMMA = YES;
				CLANG_WARN_CONSTANT_CONVERSION = YES;
				CLANG_WARN_DEPRECATED_OBJC_IMPLEMENTATIONS = YES;
				CLANG_WARN_DIRECT_OBJC_ISA_USAGE = YES_ERROR;
				CLANG_WARN_DOCUMENTATION_COMMENTS = YES;
				CLANG_WARN_EMPTY_BODY = YES;
				CLANG_WARN_ENUM_CONVERSION = YES;
				CLANG_WARN_INFINITE_RECURSION = YES;
				CLANG_WARN_INT_CONVERSION = YES;
				CLANG_WARN_NON_LITERAL_NULL_CONVERSION = YES;
				CLANG_WARN_OBJC_IMPLICIT_RETAIN_SELF = YES;
				CLANG_WARN_OBJC_LITERAL_CONVERSION = YES;
				CLANG_WARN_OBJC_ROOT_CLASS = YES_ERROR;
				CLANG_WARN_QUOTED_INCLUDE_IN_FRAMEWORK_HEADER = YES;
				CLANG_WARN_RANGE_LOOP_ANALYSIS = YES;
				CLANG_WARN_STRICT_PROTOTYPES = YES;
				CLANG_WARN_SUSPICIOUS_MOVE = YES;
				CLANG_WARN_UNGUARDED_AVAILABILITY = YES_AGGRESSIVE;
				CLANG_WARN_UNREACHABLE_CODE = YES;
				CLANG_WARN__DUPLICATE_METHOD_MATCH = YES;
				COPY_PHASE_STRIP = NO;
				DEBUG_INFORMATION_FORMAT = "dwarf-with-dsym";
				ENABLE_NS_ASSERTIONS = NO;
				ENABLE_STRICT_OBJC_MSGSEND = YES;
				ENABLE_USER_SCRIPT_SANDBOXING = YES;
				GCC_C_LANGUAGE_STANDARD = gnu17;
				GCC_NO_COMMON_BLOCKS = YES;
				GCC_WARN_64_TO_32_BIT_CONVERSION = YES;
				GCC_WARN_ABOUT_RETURN_TYPE = YES_ERROR;
				GCC_WARN_UNDECLARED_SELECTOR = YES;
				GCC_WARN_UNINITIALIZED_AUTOS = YES_AGGRESSIVE;
				GCC_WARN_UNUSED_FUNCTION = YES;
				GCC_WARN_UNUSED_VARIABLE = YES;
				IPHONEOS_DEPLOYMENT_TARGET = 17.4;
				LOCALIZATION_PREFERS_STRING_CATALOGS = YES;
				MTL_ENABLE_DEBUG_INFO = NO;
				MTL_FAST_MATH = YES;
				SDKROOT = iphoneos;
				SWIFT_COMPILATION_MODE = wholemodule;
				VALIDATE_PRODUCT = YES;
			};
			name = Release;
		};
		71C1E36D2BA986BD0019D034 /* Debug */ = {
			isa = XCBuildConfiguration;
			buildSettings = {
				ASSETCATALOG_COMPILER_APPICON_NAME = AppIcon;
				ASSETCATALOG_COMPILER_GLOBAL_ACCENT_COLOR_NAME = AccentColor;
				CODE_SIGN_STYLE = Automatic;
				CURRENT_PROJECT_VERSION = 1;
				DEVELOPMENT_ASSET_PATHS = "\"EducationAppsListProject/Preview Content\"";
				ENABLE_PREVIEWS = YES;
				GENERATE_INFOPLIST_FILE = YES;
				INFOPLIST_KEY_UIApplicationSceneManifest_Generation = YES;
				INFOPLIST_KEY_UIApplicationSupportsIndirectInputEvents = YES;
				INFOPLIST_KEY_UILaunchScreen_Generation = YES;
				INFOPLIST_KEY_UISupportedInterfaceOrientations_iPad = "UIInterfaceOrientationPortrait UIInterfaceOrientationPortraitUpsideDown UIInterfaceOrientationLandscapeLeft UIInterfaceOrientationLandscapeRight";
				INFOPLIST_KEY_UISupportedInterfaceOrientations_iPhone = "UIInterfaceOrientationPortrait UIInterfaceOrientationLandscapeLeft UIInterfaceOrientationLandscapeRight";
				LD_RUNPATH_SEARCH_PATHS = (
					"$(inherited)",
					"@executable_path/Frameworks",
				);
				MARKETING_VERSION = 1.0;
				PRODUCT_BUNDLE_IDENTIFIER = com.example.EducationAppsListProject;
				PRODUCT_NAME = "$(TARGET_NAME)";
				SWIFT_EMIT_LOC_STRINGS = YES;
				SWIFT_VERSION = 5.0;
				TARGETED_DEVICE_FAMILY = "1,2";
			};
			name = Debug;
		};
		71C1E36E2BA986BD0019D034 /* Release */ = {
			isa = XCBuildConfiguration;
			buildSettings = {
				ASSETCATALOG_COMPILER_APPICON_NAME = AppIcon;
				ASSETCATALOG_COMPILER_GLOBAL_ACCENT_COLOR_NAME = AccentColor;
				CODE_SIGN_STYLE = Automatic;
				CURRENT_PROJECT_VERSION = 1;
				DEVELOPMENT_ASSET_PATHS = "\"EducationAppsListProject/Preview Content\"";
				ENABLE_PREVIEWS = YES;
				GENERATE_INFOPLIST_FILE = YES;
				INFOPLIST_KEY_UIApplicationSceneManifest_Generation = YES;
				INFOPLIST_KEY_UIApplicationSupportsIndirectInputEvents = YES;
				INFOPLIST_KEY_UILaunchScreen_Generation = YES;
				INFOPLIST_KEY_UISupportedInterfaceOrientations_iPad = "UIInterfaceOrientationPortrait UIInterfaceOrientationPortraitUpsideDown UIInterfaceOrientationLandscapeLeft UIInterfaceOrientationLandscapeRight";
				INFOPLIST_KEY_UISupportedInterfaceOrientations_iPhone = "UIInterfaceOrientationPortrait UIInterfaceOrientationLandscapeLeft UIInterfaceOrientationLandscapeRight";
				LD_RUNPATH_SEARCH_PATHS = (
					"$(inherited)",
					"@executable_path/Frameworks",
				);
				MARKETING_VERSION = 1.0;
				PRODUCT_BUNDLE_IDENTIFIER = com.example.EducationAppsListProject;
				PRODUCT_NAME = "$(TARGET_NAME)";
				SWIFT_EMIT_LOC_STRINGS = YES;
				SWIFT_VERSION = 5.0;
				TARGETED_DEVICE_FAMILY = "1,2";
			};
			name = Release;
		};
/* End XCBuildConfiguration section */

/* Begin XCConfigurationList section */
		71C1E3592BA986B90019D034 /* Build configuration list for PBXProject "EducationAppsListProject" */ = {
			isa = XCConfigurationList;
			buildConfigurations = (
				71C1E36A2BA986BD0019D034 /* Debug */,
				71C1E36B2BA986BD0019D034 /* Release */,
			);
			defaultConfigurationIsVisible = 0;
			defaultConfigurationName = Release;
		};
		71C1E36C2BA986BD0019D034 /* Build configuration list for PBXNativeTarget "EducationAppsListProject" */ = {
			isa = XCConfigurationList;
			buildConfigurations = (
				71C1E36D2BA986BD0019D034 /* Debug */,
				71C1E36E2BA986BD0019D034 /* Release */,
			);
			defaultConfigurationIsVisible = 0;
			defaultConfigurationName = Release;
		};
/* End XCConfigurationList section */
	};
	rootObject = 71C1E3562BA986B90019D034 /* Project object */;
}
